
Microsoft Visual Studio Solution File, Format Version 12.00
# Visual Studio Version 17
VisualStudioVersion = 17.9.34622.214
MinimumVisualStudioVersion = 10.0.40219.1
Project("{9A19103F-16F7-4668-BE54-9A1E7A4F7556}") = "GeniusIdiotConsoleApp", "GeniusIdiotAndreyPerediiDZA\GeniusIdiotConsoleApp.csproj", "{7965BAD2-9CB8-4127-A2A5-9AAFEC2C444D}"
EndProject
Project("{FAE04EC0-301F-11D3-BF4B-00C04F79EFBC}") = "GeniyIdiotWinFormsApp", "GeniyIdiotWinFormsApp\GeniyIdiotWinFormsApp.csproj", "{0CBF2625-0F08-450E-817E-0BACF652ABEC}"
EndProject
Global
	GlobalSection(SolutionConfigurationPlatforms) = preSolution
		Debug|Any CPU = Debug|Any CPU
		Release|Any CPU = Release|Any CPU
	EndGlobalSection
	GlobalSection(ProjectConfigurationPlatforms) = postSolution
		{7965BAD2-9CB8-4127-A2A5-9AAFEC2C444D}.Debug|Any CPU.ActiveCfg = Debug|Any CPU
		{7965BAD2-9CB8-4127-A2A5-9AAFEC2C444D}.Debug|Any CPU.Build.0 = Debug|Any CPU
		{7965BAD2-9CB8-4127-A2A5-9AAFEC2C444D}.Release|Any CPU.ActiveCfg = Release|Any CPU
		{7965BAD2-9CB8-4127-A2A5-9AAFEC2C444D}.Release|Any CPU.Build.0 = Release|Any CPU
		{0CBF2625-0F08-450E-817E-0BACF652ABEC}.Debug|Any CPU.ActiveCfg = Debug|Any CPU
		{0CBF2625-0F08-450E-817E-0BACF652ABEC}.Debug|Any CPU.Build.0 = Debug|Any CPU
		{0CBF2625-0F08-450E-817E-0BACF652ABEC}.Release|Any CPU.ActiveCfg = Release|Any CPU
		{0CBF2625-0F08-450E-817E-0BACF652ABEC}.Release|Any CPU.Build.0 = Release|Any CPU
	EndGlobalSection
	GlobalSection(SolutionProperties) = preSolution
		HideSolutionNode = FALSE
	EndGlobalSection
	GlobalSection(ExtensibilityGlobals) = postSolution
		SolutionGuid = {0A0C010E-3C0B-40FE-BDA3-FDF5613CD6B7}
	EndGlobalSection
EndGlobal
